<?xml version="1.0" encoding="utf-8"?>
<Project ToolsVersion="4.0" xmlns="http://schemas.microsoft.com/developer/msbuild/2003">
  <ItemGroup>
    <Filter Include="Source Files">
      <UniqueIdentifier>{4FC737F1-C7A5-4376-A066-2A32D752A2FF}</UniqueIdentifier>
      <Extensions>cpp;c;cc;cxx;def;odl;idl;hpj;bat;asm;asmx</Extensions>
    </Filter>
    <Filter Include="Header Files">
      <UniqueIdentifier>{93995380-89BD-4b04-88EB-625FBE52EBFB}</UniqueIdentifier>
      <Extensions>h;hh;hpp;hxx;hm;inl;inc;xsd</Extensions>
    </Filter>
    <Filter Include="Resource Files">
      <UniqueIdentifier>{67DA6AB6-F800-4c08-8B7A-83BB121AAD01}</UniqueIdentifier>
      <Extensions>rc;ico;cur;bmp;dlg;rc2;rct;bin;rgs;gif;jpg;jpeg;jpe;resx;tiff;tif;png;wav;mfcribbon-ms</Extensions>
    </Filter>
  </ItemGroup>
  <ItemGroup>
    <ClCompile Include="source\Camera.cpp">
      <Filter>Source Files</Filter>
    </ClCompile>
    <ClCompile Include="source\Image.cpp">
      <Filter>Source Files</Filter>
    </ClCompile>
    <ClCompile Include="source\LinearAlgebra.cpp">
      <Filter>Source Files</Filter>
    </ClCompile>
    <ClCompile Include="source\Matrix.cpp">
      <Filter>Source Files</Filter>
    </ClCompile>
    <ClCompile Include="source\PerlinNoise.cpp">
      <Filter>Source Files</Filter>
    </ClCompile>
    <ClCompile Include="source\RayMarch.cpp">
      <Filter>Source Files</Filter>
    </ClCompile>
    <ClCompile Include="source\Main.cpp">
      <Filter>Source Files</Filter>
    </ClCompile>
    <ClCompile Include="source\Grid.cpp">
      <Filter>Source Files</Filter>
    </ClCompile>
    <ClCompile Include="source\Fspn.cpp">
      <Filter>Source Files</Filter>
    </ClCompile>
    <ClCompile Include="source\Wisps.cpp">
      <Filter>Source Files</Filter>
    </ClCompile>
    <ClCompile Include="source\Triangle.cpp">
      <Filter>Source Files</Filter>
    </ClCompile>
    <ClCompile Include="source\StampedNoise.cpp">
      <Filter>Source Files</Filter>
    </ClCompile>
    <ClCompile Include="source\Light.cpp">
      <Filter>Source Files</Filter>
    </ClCompile>
  </ItemGroup>
  <ItemGroup>
    <ClInclude Include="header\Camera.hpp">
      <Filter>Header Files</Filter>
    </ClInclude>
    <ClInclude Include="header\Color.hpp">
      <Filter>Header Files</Filter>
    </ClInclude>
    <ClInclude Include="header\Image.hpp">
      <Filter>Header Files</Filter>
    </ClInclude>
    <ClInclude Include="header\LinearAlgebra.hpp">
      <Filter>Header Files</Filter>
    </ClInclude>
    <ClInclude Include="header\Matrix.hpp">
      <Filter>Header Files</Filter>
    </ClInclude>
    <ClInclude Include="header\Noise.hpp">
      <Filter>Header Files</Filter>
    </ClInclude>
    <ClInclude Include="header\PerlinNoise.hpp">
      <Filter>Header Files</Filter>
    </ClInclude>
    <ClInclude Include="header\Vector.hpp">
      <Filter>Header Files</Filter>
    </ClInclude>
    <ClInclude Include="header\Volume.hpp">
      <Filter>Header Files</Filter>
    </ClInclude>
    <ClInclude Include="header\ScalarField.hpp">
      <Filter>Header Files</Filter>
    </ClInclude>
    <ClInclude Include="header\RayMarch.hpp">
      <Filter>Header Files</Filter>
    </ClInclude>
    <ClInclude Include="header\Light.hpp">
      <Filter>Header Files</Filter>
    </ClInclude>
    <ClInclude Include="header\OBJ_Loader.h">
      <Filter>Header Files</Filter>
    </ClInclude>
    <ClInclude Include="header\Triangle.hpp">
      <Filter>Header Files</Filter>
    </ClInclude>
    <ClInclude Include="header\Main.hpp">
      <Filter>Header Files</Filter>
    </ClInclude>
    <ClInclude Include="header\VectorField.hpp">
      <Filter>Header Files</Filter>
    </ClInclude>
    <ClInclude Include="header\ColorField.hpp">
      <Filter>Header Files</Filter>
    </ClInclude>
    <ClInclude Include="header\Grid.hpp">
      <Filter>Header Files</Filter>
    </ClInclude>
    <ClInclude Include="header\tiny_obj_loader.h">
      <Filter>Header Files</Filter>
    </ClInclude>
    <ClInclude Include="header\StampedNoise.hpp">
      <Filter>Header Files</Filter>
    </ClInclude>
    <ClInclude Include="header\Wisps.hpp">
      <Filter>Header Files</Filter>
    </ClInclude>
    <ClInclude Include="header\Fspn.hpp">
      <Filter>Header Files</Filter>
    </ClInclude>
    <ClInclude Include="header\PyroclasticField.hpp">
      <Filter>Header Files</Filter>
    </ClInclude>
  </ItemGroup>
  <ItemGroup>
    <None Include="packages.config" />
  </ItemGroup>
</Project>